
Microsoft Visual Studio Solution File, Format Version 12.00
# Visual Studio Version 17
VisualStudioVersion = 17.5.33516.290
MinimumVisualStudioVersion = 10.0.40219.1
Project("{FAE04EC0-301F-11D3-BF4B-00C04F79EFBC}") = "API-Labb4", "API-Labb4.csproj", "{7B5485C6-7095-450C-A180-0751DE1CC258}"
EndProject
Project("{FAE04EC0-301F-11D3-BF4B-00C04F79EFBC}") = "ClassLibraryLabb4", "..\ClassLibraryLabb4\ClassLibraryLabb4.csproj", "{83DF1A72-61A1-4C11-A6A2-1AC602D9E96D}"
EndProject
Global
	GlobalSection(SolutionConfigurationPlatforms) = preSolution
		Debug|Any CPU = Debug|Any CPU
		Release|Any CPU = Release|Any CPU
	EndGlobalSection
	GlobalSection(ProjectConfigurationPlatforms) = postSolution
		{7B5485C6-7095-450C-A180-0751DE1CC258}.Debug|Any CPU.ActiveCfg = Debug|Any CPU
		{7B5485C6-7095-450C-A180-0751DE1CC258}.Debug|Any CPU.Build.0 = Debug|Any CPU
		{7B5485C6-7095-450C-A180-0751DE1CC258}.Release|Any CPU.ActiveCfg = Release|Any CPU
		{7B5485C6-7095-450C-A180-0751DE1CC258}.Release|Any CPU.Build.0 = Release|Any CPU
		{83DF1A72-61A1-4C11-A6A2-1AC602D9E96D}.Debug|Any CPU.ActiveCfg = Debug|Any CPU
		{83DF1A72-61A1-4C11-A6A2-1AC602D9E96D}.Debug|Any CPU.Build.0 = Debug|Any CPU
		{83DF1A72-61A1-4C11-A6A2-1AC602D9E96D}.Release|Any CPU.ActiveCfg = Release|Any CPU
		{83DF1A72-61A1-4C11-A6A2-1AC602D9E96D}.Release|Any CPU.Build.0 = Release|Any CPU
	EndGlobalSection
	GlobalSection(SolutionProperties) = preSolution
		HideSolutionNode = FALSE
	EndGlobalSection
	GlobalSection(ExtensibilityGlobals) = postSolution
		SolutionGuid = {C3690E11-1866-4309-AAD6-4C30F0B25A63}
	EndGlobalSection
EndGlobal
